PODS:
  - BaiduMapKit (3.0.0)
  - LTBaiDuLocation (0.1.0):
    - BaiduMapKit (~> 3.0.0)

DEPENDENCIES:
  - LTBaiDuLocation (from `../`)

EXTERNAL SOURCES:
  LTBaiDuLocation:
    :path: "../"

SPEC CHECKSUMS:
  BaiduMapKit: de2a726d5296d6b2dc0e974b683af73153608dcd
  LTBaiDuLocation: 912d4c259d819e2be82f2fceb2a247a6d0db7018

PODFILE CHECKSUM: 64272467b7e9ba2e889efba2cae00adc77868852

COCOAPODS: 1.1.0.rc.2
