PODS:
  - BaiduMapKit (3.1.0)
  - GTMBase64 (1.0.0)
  - LTBaiDuLocation (0.1.3):
    - BaiduMapKit (~> 3.1.0)
    - LTLocation (~> 0.1.1)
  - LTLocation (0.1.1):
    - GTMBase64 (~> 1.0.0)

DEPENDENCIES:
  - LTBaiDuLocation (from `../`)
  - LTLocation (from `git@github.com:yelon21/LTLocation.git`)

EXTERNAL SOURCES:
  LTBaiDuLocation:
    :path: "../"
  LTLocation:
    :git: git@github.com:yelon21/LTLocation.git

CHECKOUT OPTIONS:
  LTLocation:
    :commit: 0c84e2ffa5abda791f8716292592c15adeddfb4e
    :git: git@github.com:yelon21/LTLocation.git

SPEC CHECKSUMS:
  BaiduMapKit: 4cfaedb118cff7e157e9771859a4bf65a261b2a1
  GTMBase64: 0da7372e95f5171f3f652db38cde6716f8eb5e24
  LTBaiDuLocation: 153fa22b2921fc547543202b8242569ad02c2979
  LTLocation: e38c1c924bc3d0935127805e86eb33337bba9cf9

PODFILE CHECKSUM: 5317c18a8509c809cfcab585cd1e90aa24a41653

COCOAPODS: 1.2.0.beta.1
